
Microsoft Visual Studio Solution File, Format Version 12.00
# Visual Studio Version 17
VisualStudioVersion = 17.4.33110.190
MinimumVisualStudioVersion = 10.0.40219.1
Project("{FAE04EC0-301F-11D3-BF4B-00C04F79EFBC}") = "for git", "for git\for git.csproj", "{9C1B5D45-145E-4A5A-B64C-0CAB65B821DF}"
EndProject
Global
	GlobalSection(SolutionConfigurationPlatforms) = preSolution
		Debug|Any CPU = Debug|Any CPU
		Release|Any CPU = Release|Any CPU
	EndGlobalSection
	GlobalSection(ProjectConfigurationPlatforms) = postSolution
		{9C1B5D45-145E-4A5A-B64C-0CAB65B821DF}.Debug|Any CPU.ActiveCfg = Debug|Any CPU
		{9C1B5D45-145E-4A5A-B64C-0CAB65B821DF}.Debug|Any CPU.Build.0 = Debug|Any CPU
		{9C1B5D45-145E-4A5A-B64C-0CAB65B821DF}.Release|Any CPU.ActiveCfg = Release|Any CPU
		{9C1B5D45-145E-4A5A-B64C-0CAB65B821DF}.Release|Any CPU.Build.0 = Release|Any CPU
	EndGlobalSection
	GlobalSection(SolutionProperties) = preSolution
		HideSolutionNode = FALSE
	EndGlobalSection
	GlobalSection(ExtensibilityGlobals) = postSolution
		SolutionGuid = {6BA3D793-6B9A-42AE-B93D-4AEB77D57605}
	EndGlobalSection
EndGlobal
